{
  "nodes": {
    "flake-utils": {
      "inputs": {
        "systems": "systems"
      },
      "locked": {
        "lastModified": 1731533236,
        "narHash": "sha256-l0KFg5HjrsfsO/JpG+r7fRrqm12kzFHyUHqHCVpMMbI=",
        "owner": "numtide",
        "repo": "flake-utils",
        "rev": "11707dc2f618dd54ca8739b309ec4fc024de578b",
        "type": "github"
      },
      "original": {
        "owner": "numtide",
        "repo": "flake-utils",
        "type": "github"
      }
    },
    "home-manager": {
      "inputs": {
        "nixpkgs": [
          "nixpkgs"
        ]
      },
      "locked": {
        "lastModified": 1767824564,
        "narHash": "sha256-DRhbz2dZaEmj5MgLFMXjEPfmKYfMG6LwNT9Bv8zeLPQ=",
        "owner": "nix-community",
        "repo": "home-manager",
        "rev": "4fee4bd14b5e4178855ad0041df89fa44f3f2bea",
        "type": "github"
      },
      "original": {
        "owner": "nix-community",
        "repo": "home-manager",
        "type": "github"
      }
    },
    "home-manager_2": {
      "inputs": {
        "nixpkgs": [
          "lawnch",
          "nixpkgs"
        ]
      },
      "locked": {
        "lastModified": 1767525999,
        "narHash": "sha256-1E9xlYlyl3EnUrwxoaJMTK7dFrC2llL/TJ+T4xIcXDY=",
        "owner": "nix-community",
        "repo": "home-manager",
        "rev": "7d5927b63cea63deb655b3e8421ae17ebb9feac2",
        "type": "github"
      },
      "original": {
        "owner": "nix-community",
        "repo": "home-manager",
        "type": "github"
      }
    },
    "lawnch": {
      "inputs": {
        "flake-utils": "flake-utils",
        "home-manager": "home-manager_2",
        "nixpkgs": [
          "nixpkgs"
        ]
      },
      "locked": {
        "lastModified": 1767805984,
        "narHash": "sha256-ZaSgar1M0LOw4IOsobbqvfrYijV6CahWZh9X4hFKBtU=",
        "owner": "hoppxi",
        "repo": "lawnch",
        "rev": "f8e47b3b8982941fed3abd5a0690fcccdff01ed4",
        "type": "github"
      },
      "original": {
        "owner": "hoppxi",
        "repo": "lawnch",
        "type": "github"
      }
    },
    "mbar": {
      "inputs": {
        "nixpkgs": [
          "nixpkgs"
        ],
        "utils": "utils"
      },
      "locked": {
        "lastModified": 1767394396,
        "narHash": "sha256-meRfKBMTq++V92rrlFMzV3L1jOfKoqZNvyaNQj2WJm4=",
        "owner": "hoppxi",
        "repo": "mbar",
        "rev": "101d893bfd78ea5199848d8d6e286438c79285fa",
        "type": "github"
      },
      "original": {
        "owner": "hoppxi",
        "repo": "mbar",
        "type": "github"
      }
    },
    "nixpkgs": {
      "locked": {
        "lastModified": 1767767207,
        "narHash": "sha256-Mj3d3PfwltLmukFal5i3fFt27L6NiKXdBezC1EBuZs4=",
        "owner": "NixOS",
        "repo": "nixpkgs",
        "rev": "5912c1772a44e31bf1c63c0390b90501e5026886",
        "type": "github"
      },
      "original": {
        "owner": "NixOS",
        "ref": "nixos-unstable",
        "repo": "nixpkgs",
        "type": "github"
      }
    },
    "root": {
      "inputs": {
        "home-manager": "home-manager",
        "lawnch": "lawnch",
        "mbar": "mbar",
        "nixpkgs": "nixpkgs",
        "waul": "waul"
      }
    },
    "systems": {
      "locked": {
        "lastModified": 1681028828,
        "narHash": "sha256-Vy1rq5AaRuLzOxct8nz4T6wlgyUR7zLU309k9mBC768=",
        "owner": "nix-systems",
        "repo": "default",
        "rev": "da67096a3b9bf56a91d16901293e51ba5b49a27e",
        "type": "github"
      },
      "original": {
        "owner": "nix-systems",
        "repo": "default",
        "type": "github"
      }
    },
    "systems_2": {
      "locked": {
        "lastModified": 1681028828,
        "narHash": "sha256-Vy1rq5AaRuLzOxct8nz4T6wlgyUR7zLU309k9mBC768=",
        "owner": "nix-systems",
        "repo": "default",
        "rev": "da67096a3b9bf56a91d16901293e51ba5b49a27e",
        "type": "github"
      },
      "original": {
        "owner": "nix-systems",
        "repo": "default",
        "type": "github"
      }
    },
    "utils": {
      "inputs": {
        "systems": "systems_2"
      },
      "locked": {
        "lastModified": 1731533236,
        "narHash": "sha256-l0KFg5HjrsfsO/JpG+r7fRrqm12kzFHyUHqHCVpMMbI=",
        "owner": "numtide",
        "repo": "flake-utils",
        "rev": "11707dc2f618dd54ca8739b309ec4fc024de578b",
        "type": "github"
      },
      "original": {
        "owner": "numtide",
        "repo": "flake-utils",
        "type": "github"
      }
    },
    "waul": {
      "inputs": {
        "nixpkgs": [
          "nixpkgs"
        ]
      },
      "locked": {
        "lastModified": 1767367602,
        "narHash": "sha256-GOL5Elkx8DeZ/QcDWQKy+xYGr+eWVTXqruyq3URmEM4=",
        "owner": "hoppxi",
        "repo": "waul",
        "rev": "2804f791dad2e7b61859f96c1da553bbebad33a9",
        "type": "github"
      },
      "original": {
        "owner": "hoppxi",
        "repo": "waul",
        "type": "github"
      }
    }
  },
  "root": "root",
  "version": 7
}
